
Microsoft Visual Studio Solution File, Format Version 12.00
# Visual Studio Version 16
VisualStudioVersion = 16.0.30011.22
MinimumVisualStudioVersion = 10.0.40219.1
Project("{FAE04EC0-301F-11D3-BF4B-00C04F79EFBC}") = "NotesAppUI", "NotesAppUI\NotesAppUI.csproj", "{F36DDFDC-7826-4233-881D-A2BBFFD237FA}"
EndProject
Project("{FAE04EC0-301F-11D3-BF4B-00C04F79EFBC}") = "NotesAppDataManager", "NotesAppDataManager\NotesAppDataManager.csproj", "{2B384665-6B4D-41EE-80B4-38650D9683FB}"
EndProject
Global
	GlobalSection(SolutionConfigurationPlatforms) = preSolution
		Debug|Any CPU = Debug|Any CPU
		Release|Any CPU = Release|Any CPU
	EndGlobalSection
	GlobalSection(ProjectConfigurationPlatforms) = postSolution
		{F36DDFDC-7826-4233-881D-A2BBFFD237FA}.Debug|Any CPU.ActiveCfg = Debug|Any CPU
		{F36DDFDC-7826-4233-881D-A2BBFFD237FA}.Debug|Any CPU.Build.0 = Debug|Any CPU
		{F36DDFDC-7826-4233-881D-A2BBFFD237FA}.Release|Any CPU.ActiveCfg = Release|Any CPU
		{F36DDFDC-7826-4233-881D-A2BBFFD237FA}.Release|Any CPU.Build.0 = Release|Any CPU
		{2B384665-6B4D-41EE-80B4-38650D9683FB}.Debug|Any CPU.ActiveCfg = Debug|Any CPU
		{2B384665-6B4D-41EE-80B4-38650D9683FB}.Debug|Any CPU.Build.0 = Debug|Any CPU
		{2B384665-6B4D-41EE-80B4-38650D9683FB}.Release|Any CPU.ActiveCfg = Release|Any CPU
		{2B384665-6B4D-41EE-80B4-38650D9683FB}.Release|Any CPU.Build.0 = Release|Any CPU
	EndGlobalSection
	GlobalSection(SolutionProperties) = preSolution
		HideSolutionNode = FALSE
	EndGlobalSection
	GlobalSection(ExtensibilityGlobals) = postSolution
		SolutionGuid = {42530C11-2EE8-49D4-888C-46A1B9BACA07}
	EndGlobalSection
EndGlobal
